// !$*UTF8*$!
{
	archiveVersion = 1;
	classes = {
	};
	objectVersion = 46;
	objects = {

/* Begin PBXBuildFile section */
		3F2E81311DB972EF005478E6 /* GoogleService-Info.plist in Resources */ = {isa = PBXBuildFile; fileRef = 3F2E81301DB972EF005478E6 /* GoogleService-Info.plist */; };
		3F6EB0C51DC00AE60071D696 /* SignUpVC.storyboard in Resources */ = {isa = PBXBuildFile; fileRef = 3F6EB0C41DC00AE60071D696 /* SignUpVC.storyboard */; };
		3F911B2E1DB6BAF200A121CD /* RecipeListTableViewController.swift in Sources */ = {isa = PBXBuildFile; fileRef = 3F911B2D1DB6BAF200A121CD /* RecipeListTableViewController.swift */; };
		3F911B301DB6BB0100A121CD /* JSONHelper.swift in Sources */ = {isa = PBXBuildFile; fileRef = 3F911B2F1DB6BB0100A121CD /* JSONHelper.swift */; };
		3FAA58681DB03C890083A691 /* Recipe.swift in Sources */ = {isa = PBXBuildFile; fileRef = 3FAA58671DB03C890083A691 /* Recipe.swift */; };
		3FAA586A1DB03CB30083A691 /* RecipeViewController.swift in Sources */ = {isa = PBXBuildFile; fileRef = 3FAA58691DB03CB30083A691 /* RecipeViewController.swift */; };
		3FAA586C1DB03CC40083A691 /* LoginViewController.swift in Sources */ = {isa = PBXBuildFile; fileRef = 3FAA586B1DB03CC40083A691 /* LoginViewController.swift */; };
		3FAA58701DB03CE20083A691 /* SubmissionViewController.swift in Sources */ = {isa = PBXBuildFile; fileRef = 3FAA586F1DB03CE20083A691 /* SubmissionViewController.swift */; };
		3FAA58721DB03CF00083A691 /* ProfileViewController.swift in Sources */ = {isa = PBXBuildFile; fileRef = 3FAA58711DB03CF00083A691 /* ProfileViewController.swift */; };
		3FAA58741DB03D0B0083A691 /* User.swift in Sources */ = {isa = PBXBuildFile; fileRef = 3FAA58731DB03D0B0083A691 /* User.swift */; };
		3FAA58771DB03D4D0083A691 /* RecipeListTableViewCell.swift in Sources */ = {isa = PBXBuildFile; fileRef = 3FAA58761DB03D4D0083A691 /* RecipeListTableViewCell.swift */; };
		3FAA58791DB03D7C0083A691 /* data.json in Resources */ = {isa = PBXBuildFile; fileRef = 3FAA58781DB03D7C0083A691 /* data.json */; };
		3FCBEA6A1DB03B7C00714AC5 /* AppDelegate.swift in Sources */ = {isa = PBXBuildFile; fileRef = 3FCBEA691DB03B7C00714AC5 /* AppDelegate.swift */; };
		3FCBEA6F1DB03B7C00714AC5 /* Main.storyboard in Resources */ = {isa = PBXBuildFile; fileRef = 3FCBEA6D1DB03B7C00714AC5 /* Main.storyboard */; };
		3FCBEA711DB03B7C00714AC5 /* Assets.xcassets in Resources */ = {isa = PBXBuildFile; fileRef = 3FCBEA701DB03B7C00714AC5 /* Assets.xcassets */; };
		3FCBEA741DB03B7C00714AC5 /* LaunchScreen.storyboard in Resources */ = {isa = PBXBuildFile; fileRef = 3FCBEA721DB03B7C00714AC5 /* LaunchScreen.storyboard */; };
		3FD97FE91DC00273009B7D97 /* LoginViewController.storyboard in Resources */ = {isa = PBXBuildFile; fileRef = 3FD97FE81DC00273009B7D97 /* LoginViewController.storyboard */; };
		3FE1DF051DC1AA2F00EAE573 /* SignupViewController.swift in Sources */ = {isa = PBXBuildFile; fileRef = 3FE1DF041DC1AA2F00EAE573 /* SignupViewController.swift */; };
		44BBA203D7647AF3B1DDBC0E /* Pods_RossCooks.framework in Frameworks */ = {isa = PBXBuildFile; fileRef = 17C2FA50789D64CCD7CB7911 /* Pods_RossCooks.framework */; };
		91AD48B71DB9363E004C992A /* RequirementsTableViewCell.swift in Sources */ = {isa = PBXBuildFile; fileRef = 91AD48B61DB9363E004C992A /* RequirementsTableViewCell.swift */; };
		91AD48E61DBFFFEB004C992A /* RecipeImageTableViewCell.swift in Sources */ = {isa = PBXBuildFile; fileRef = 91AD48E51DBFFFEB004C992A /* RecipeImageTableViewCell.swift */; };
/* End PBXBuildFile section */

/* Begin PBXFileReference section */
		17C2FA50789D64CCD7CB7911 /* Pods_RossCooks.framework */ = {isa = PBXFileReference; explicitFileType = wrapper.framework; includeInIndex = 0; path = Pods_RossCooks.framework; sourceTree = BUILT_PRODUCTS_DIR; };
		3F2E81301DB972EF005478E6 /* GoogleService-Info.plist */ = {isa = PBXFileReference; fileEncoding = 4; lastKnownFileType = text.plist.xml; path = "GoogleService-Info.plist"; sourceTree = "<group>"; };
		3F2E81321DB97387005478E6 /* RossCooks.entitlements */ = {isa = PBXFileReference; lastKnownFileType = text.plist.entitlements; path = RossCooks.entitlements; sourceTree = "<group>"; };
		3F6EB0C41DC00AE60071D696 /* SignUpVC.storyboard */ = {isa = PBXFileReference; fileEncoding = 4; lastKnownFileType = file.storyboard; path = SignUpVC.storyboard; sourceTree = "<group>"; };
		3F911B2D1DB6BAF200A121CD /* RecipeListTableViewController.swift */ = {isa = PBXFileReference; fileEncoding = 4; lastKnownFileType = sourcecode.swift; path = RecipeListTableViewController.swift; sourceTree = "<group>"; };
		3F911B2F1DB6BB0100A121CD /* JSONHelper.swift */ = {isa = PBXFileReference; fileEncoding = 4; lastKnownFileType = sourcecode.swift; path = JSONHelper.swift; sourceTree = "<group>"; };
		3FAA58671DB03C890083A691 /* Recipe.swift */ = {isa = PBXFileReference; fileEncoding = 4; lastKnownFileType = sourcecode.swift; path = Recipe.swift; sourceTree = "<group>"; };
		3FAA58691DB03CB30083A691 /* RecipeViewController.swift */ = {isa = PBXFileReference; fileEncoding = 4; lastKnownFileType = sourcecode.swift; path = RecipeViewController.swift; sourceTree = "<group>"; };
		3FAA586B1DB03CC40083A691 /* LoginViewController.swift */ = {isa = PBXFileReference; fileEncoding = 4; lastKnownFileType = sourcecode.swift; path = LoginViewController.swift; sourceTree = "<group>"; };
		3FAA586F1DB03CE20083A691 /* SubmissionViewController.swift */ = {isa = PBXFileReference; fileEncoding = 4; lastKnownFileType = sourcecode.swift; path = SubmissionViewController.swift; sourceTree = "<group>"; };
		3FAA58711DB03CF00083A691 /* ProfileViewController.swift */ = {isa = PBXFileReference; fileEncoding = 4; lastKnownFileType = sourcecode.swift; path = ProfileViewController.swift; sourceTree = "<group>"; };
		3FAA58731DB03D0B0083A691 /* User.swift */ = {isa = PBXFileReference; fileEncoding = 4; lastKnownFileType = sourcecode.swift; path = User.swift; sourceTree = "<group>"; };
		3FAA58761DB03D4D0083A691 /* RecipeListTableViewCell.swift */ = {isa = PBXFileReference; fileEncoding = 4; lastKnownFileType = sourcecode.swift; path = RecipeListTableViewCell.swift; sourceTree = "<group>"; };
		3FAA58781DB03D7C0083A691 /* data.json */ = {isa = PBXFileReference; fileEncoding = 4; lastKnownFileType = text.json; path = data.json; sourceTree = "<group>"; };
		3FCBEA661DB03B7C00714AC5 /* RossCooks.app */ = {isa = PBXFileReference; explicitFileType = wrapper.application; includeInIndex = 0; path = RossCooks.app; sourceTree = BUILT_PRODUCTS_DIR; };
		3FCBEA691DB03B7C00714AC5 /* AppDelegate.swift */ = {isa = PBXFileReference; lastKnownFileType = sourcecode.swift; path = AppDelegate.swift; sourceTree = "<group>"; };
		3FCBEA6E1DB03B7C00714AC5 /* Base */ = {isa = PBXFileReference; lastKnownFileType = file.storyboard; name = Base; path = Base.lproj/Main.storyboard; sourceTree = "<group>"; };
		3FCBEA701DB03B7C00714AC5 /* Assets.xcassets */ = {isa = PBXFileReference; lastKnownFileType = folder.assetcatalog; path = Assets.xcassets; sourceTree = "<group>"; };
		3FCBEA731DB03B7C00714AC5 /* Base */ = {isa = PBXFileReference; lastKnownFileType = file.storyboard; name = Base; path = Base.lproj/LaunchScreen.storyboard; sourceTree = "<group>"; };
		3FCBEA751DB03B7C00714AC5 /* Info.plist */ = {isa = PBXFileReference; lastKnownFileType = text.plist.xml; path = Info.plist; sourceTree = "<group>"; };
		3FD97FE81DC00273009B7D97 /* LoginViewController.storyboard */ = {isa = PBXFileReference; fileEncoding = 4; lastKnownFileType = file.storyboard; path = LoginViewController.storyboard; sourceTree = "<group>"; };
		3FE1DF041DC1AA2F00EAE573 /* SignupViewController.swift */ = {isa = PBXFileReference; fileEncoding = 4; lastKnownFileType = sourcecode.swift; path = SignupViewController.swift; sourceTree = "<group>"; };
		7696F4E222340DFDFE9502A4 /* Pods-RossCooks.debug.xcconfig */ = {isa = PBXFileReference; includeInIndex = 1; lastKnownFileType = text.xcconfig; name = "Pods-RossCooks.debug.xcconfig"; path = "Pods/Target Support Files/Pods-RossCooks/Pods-RossCooks.debug.xcconfig"; sourceTree = "<group>"; };
		7FE7CF93479B6C620FB7C907 /* Pods-RossCooks.release.xcconfig */ = {isa = PBXFileReference; includeInIndex = 1; lastKnownFileType = text.xcconfig; name = "Pods-RossCooks.release.xcconfig"; path = "Pods/Target Support Files/Pods-RossCooks/Pods-RossCooks.release.xcconfig"; sourceTree = "<group>"; };
		91AD48B61DB9363E004C992A /* RequirementsTableViewCell.swift */ = {isa = PBXFileReference; fileEncoding = 4; lastKnownFileType = sourcecode.swift; name = RequirementsTableViewCell.swift; path = ../ViewControllers/RequirementsTableViewCell.swift; sourceTree = "<group>"; };
		91AD48E51DBFFFEB004C992A /* RecipeImageTableViewCell.swift */ = {isa = PBXFileReference; fileEncoding = 4; lastKnownFileType = sourcecode.swift; path = RecipeImageTableViewCell.swift; sourceTree = "<group>"; };
/* End PBXFileReference section */

/* Begin PBXFrameworksBuildPhase section */
		3FCBEA631DB03B7C00714AC5 /* Frameworks */ = {
			isa = PBXFrameworksBuildPhase;
			buildActionMask = 2147483647;
			files = (
				44BBA203D7647AF3B1DDBC0E /* Pods_RossCooks.framework in Frameworks */,
			);
			runOnlyForDeploymentPostprocessing = 0;
		};
/* End PBXFrameworksBuildPhase section */

/* Begin PBXGroup section */
		217DC18513AA0CB55FFA679B /* Frameworks */ = {
			isa = PBXGroup;
			children = (
				17C2FA50789D64CCD7CB7911 /* Pods_RossCooks.framework */,
			);
			name = Frameworks;
			sourceTree = "<group>";
		};
		3FAA58631DB03C450083A691 /* Data */ = {
			isa = PBXGroup;
			children = (
				3FAA58781DB03D7C0083A691 /* data.json */,
			);
			path = Data;
			sourceTree = "<group>";
		};
		3FAA58641DB03C570083A691 /* ViewControllers */ = {
			isa = PBXGroup;
			children = (
				3FAA58691DB03CB30083A691 /* RecipeViewController.swift */,
				3FAA586B1DB03CC40083A691 /* LoginViewController.swift */,
				3FE1DF041DC1AA2F00EAE573 /* SignupViewController.swift */,
				3FAA58711DB03CF00083A691 /* ProfileViewController.swift */,
				3FAA586F1DB03CE20083A691 /* SubmissionViewController.swift */,
				3F911B2D1DB6BAF200A121CD /* RecipeListTableViewController.swift */,
			);
			path = ViewControllers;
			sourceTree = "<group>";
		};
		3FAA58651DB03C600083A691 /* Models */ = {
			isa = PBXGroup;
			children = (
				3FAA58671DB03C890083A691 /* Recipe.swift */,
				3FAA58731DB03D0B0083A691 /* User.swift */,
			);
			path = Models;
			sourceTree = "<group>";
		};
		3FAA58661DB03C680083A691 /* Views */ = {
			isa = PBXGroup;
			children = (
				91AD48B61DB9363E004C992A /* RequirementsTableViewCell.swift */,
				3FAA58761DB03D4D0083A691 /* RecipeListTableViewCell.swift */,
				91AD48E51DBFFFEB004C992A /* RecipeImageTableViewCell.swift */,
			);
			path = Views;
			sourceTree = "<group>";
		};
		3FAA58751DB03D130083A691 /* HelperFiles */ = {
			isa = PBXGroup;
			children = (
				3F2E81301DB972EF005478E6 /* GoogleService-Info.plist */,
				3FCBEA691DB03B7C00714AC5 /* AppDelegate.swift */,
				3FCBEA751DB03B7C00714AC5 /* Info.plist */,
				3F911B2F1DB6BB0100A121CD /* JSONHelper.swift */,
			);
			path = HelperFiles;
			sourceTree = "<group>";
		};
		3FCBEA5D1DB03B7C00714AC5 = {
			isa = PBXGroup;
			children = (
				217DC18513AA0CB55FFA679B /* Frameworks */,
				DCA5904694724CC0F23C1179 /* Pods */,
				3FCBEA671DB03B7C00714AC5 /* Products */,
				3FCBEA681DB03B7C00714AC5 /* RossCooks */,
			);
			sourceTree = "<group>";
		};
		3FCBEA671DB03B7C00714AC5 /* Products */ = {
			isa = PBXGroup;
			children = (
				3FCBEA661DB03B7C00714AC5 /* RossCooks.app */,
			);
			name = Products;
			sourceTree = "<group>";
		};
		3FCBEA681DB03B7C00714AC5 /* RossCooks */ = {
			isa = PBXGroup;
			children = (
				3F2E81321DB97387005478E6 /* RossCooks.entitlements */,
				3FAA58631DB03C450083A691 /* Data */,
				3FAA58751DB03D130083A691 /* HelperFiles */,
				3FAA58651DB03C600083A691 /* Models */,
				3FAA58641DB03C570083A691 /* ViewControllers */,
				3FAA58661DB03C680083A691 /* Views */,
				3FCBEA701DB03B7C00714AC5 /* Assets.xcassets */,
				3FCBEA6D1DB03B7C00714AC5 /* Main.storyboard */,
				3FCBEA721DB03B7C00714AC5 /* LaunchScreen.storyboard */,
				3FD97FE81DC00273009B7D97 /* LoginViewController.storyboard */,
				3F6EB0C41DC00AE60071D696 /* SignUpVC.storyboard */,
			);
			path = RossCooks;
			sourceTree = "<group>";
		};
		DCA5904694724CC0F23C1179 /* Pods */ = {
			isa = PBXGroup;
			children = (
				7696F4E222340DFDFE9502A4 /* Pods-RossCooks.debug.xcconfig */,
				7FE7CF93479B6C620FB7C907 /* Pods-RossCooks.release.xcconfig */,
			);
			name = Pods;
			sourceTree = "<group>";
		};
/* End PBXGroup section */

/* Begin PBXNativeTarget section */
		3FCBEA651DB03B7C00714AC5 /* RossCooks */ = {
			isa = PBXNativeTarget;
			buildConfigurationList = 3FCBEA781DB03B7C00714AC5 /* Build configuration list for PBXNativeTarget "RossCooks" */;
			buildPhases = (
				721FF4DC170DA772FCF7F1C5 /* [CP] Check Pods Manifest.lock */,
				3FCBEA621DB03B7C00714AC5 /* Sources */,
				3FCBEA631DB03B7C00714AC5 /* Frameworks */,
				3FCBEA641DB03B7C00714AC5 /* Resources */,
				CF1329D9AD88E13191EEF727 /* [CP] Embed Pods Frameworks */,
				A92E02B685D1202F28F7A0AA /* [CP] Copy Pods Resources */,
			);
			buildRules = (
			);
			dependencies = (
			);
			name = RossCooks;
			productName = RossCooks;
			productReference = 3FCBEA661DB03B7C00714AC5 /* RossCooks.app */;
			productType = "com.apple.product-type.application";
		};
/* End PBXNativeTarget section */

/* Begin PBXProject section */
		3FCBEA5E1DB03B7C00714AC5 /* Project object */ = {
			isa = PBXProject;
			attributes = {
				LastSwiftUpdateCheck = 0800;
				LastUpgradeCheck = 0800;
				ORGANIZATIONNAME = "Luca Hagel";
				TargetAttributes = {
					3FCBEA651DB03B7C00714AC5 = {
						CreatedOnToolsVersion = 8.0;
						DevelopmentTeam = SGZ32NWR4Z;
						ProvisioningStyle = Automatic;
						SystemCapabilities = {
							com.apple.Keychain = {
								enabled = 1;
							};
						};
					};
				};
			};
			buildConfigurationList = 3FCBEA611DB03B7C00714AC5 /* Build configuration list for PBXProject "RossCooks" */;
			compatibilityVersion = "Xcode 3.2";
			developmentRegion = English;
			hasScannedForEncodings = 0;
			knownRegions = (
				en,
				Base,
			);
			mainGroup = 3FCBEA5D1DB03B7C00714AC5;
			productRefGroup = 3FCBEA671DB03B7C00714AC5 /* Products */;
			projectDirPath = "";
			projectRoot = "";
			targets = (
				3FCBEA651DB03B7C00714AC5 /* RossCooks */,
			);
		};
/* End PBXProject section */

/* Begin PBXResourcesBuildPhase section */
		3FCBEA641DB03B7C00714AC5 /* Resources */ = {
			isa = PBXResourcesBuildPhase;
			buildActionMask = 2147483647;
			files = (
				3FCBEA741DB03B7C00714AC5 /* LaunchScreen.storyboard in Resources */,
				3FCBEA711DB03B7C00714AC5 /* Assets.xcassets in Resources */,
				3F2E81311DB972EF005478E6 /* GoogleService-Info.plist in Resources */,
				3F6EB0C51DC00AE60071D696 /* SignUpVC.storyboard in Resources */,
				3FD97FE91DC00273009B7D97 /* LoginViewController.storyboard in Resources */,
				3FCBEA6F1DB03B7C00714AC5 /* Main.storyboard in Resources */,
				3FAA58791DB03D7C0083A691 /* data.json in Resources */,
			);
			runOnlyForDeploymentPostprocessing = 0;
		};
/* End PBXResourcesBuildPhase section */

/* Begin PBXShellScriptBuildPhase section */
		721FF4DC170DA772FCF7F1C5 /* [CP] Check Pods Manifest.lock */ = {
			isa = PBXShellScriptBuildPhase;
			buildActionMask = 2147483647;
			files = (
			);
			inputPaths = (
			);
			name = "[CP] Check Pods Manifest.lock";
			outputPaths = (
			);
			runOnlyForDeploymentPostprocessing = 0;
			shellPath = /bin/sh;
			shellScript = "diff \"${PODS_ROOT}/../Podfile.lock\" \"${PODS_ROOT}/Manifest.lock\" > /dev/null\nif [ $? != 0 ] ; then\n    # print error to STDERR\n    echo \"error: The sandbox is not in sync with the Podfile.lock. Run 'pod install' or update your CocoaPods installation.\" >&2\n    exit 1\nfi\n";
			showEnvVarsInLog = 0;
		};
		A92E02B685D1202F28F7A0AA /* [CP] Copy Pods Resources */ = {
			isa = PBXShellScriptBuildPhase;
			buildActionMask = 2147483647;
			files = (
			);
			inputPaths = (
			);
			name = "[CP] Copy Pods Resources";
			outputPaths = (
			);
			runOnlyForDeploymentPostprocessing = 0;
			shellPath = /bin/sh;
			shellScript = "\"${SRCROOT}/Pods/Target Support Files/Pods-RossCooks/Pods-RossCooks-resources.sh\"\n";
			showEnvVarsInLog = 0;
		};
		CF1329D9AD88E13191EEF727 /* [CP] Embed Pods Frameworks */ = {
			isa = PBXShellScriptBuildPhase;
			buildActionMask = 2147483647;
			files = (
			);
			inputPaths = (
			);
			name = "[CP] Embed Pods Frameworks";
			outputPaths = (
			);
			runOnlyForDeploymentPostprocessing = 0;
			shellPath = /bin/sh;
			shellScript = "\"${SRCROOT}/Pods/Target Support Files/Pods-RossCooks/Pods-RossCooks-frameworks.sh\"\n";
			showEnvVarsInLog = 0;
		};
/* End PBXShellScriptBuildPhase section */

/* Begin PBXSourcesBuildPhase section */
		3FCBEA621DB03B7C00714AC5 /* Sources */ = {
			isa = PBXSourcesBuildPhase;
			buildActionMask = 2147483647;
			files = (
				3FAA586A1DB03CB30083A691 /* RecipeViewController.swift in Sources */,
				3FAA58681DB03C890083A691 /* Recipe.swift in Sources */,
				3FAA58771DB03D4D0083A691 /* RecipeListTableViewCell.swift in Sources */,
				3FAA58701DB03CE20083A691 /* SubmissionViewController.swift in Sources */,
				91AD48B71DB9363E004C992A /* RequirementsTableViewCell.swift in Sources */,
				3FAA58741DB03D0B0083A691 /* User.swift in Sources */,
				3FAA586C1DB03CC40083A691 /* LoginViewController.swift in Sources */,
				3FAA58721DB03CF00083A691 /* ProfileViewController.swift in Sources */,
				3F911B2E1DB6BAF200A121CD /* RecipeListTableViewController.swift in Sources */,
				3FE1DF051DC1AA2F00EAE573 /* SignupViewController.swift in Sources */,
				3FCBEA6A1DB03B7C00714AC5 /* AppDelegate.swift in Sources */,
				3F911B301DB6BB0100A121CD /* JSONHelper.swift in Sources */,
				91AD48E61DBFFFEB004C992A /* RecipeImageTableViewCell.swift in Sources */,
			);
			runOnlyForDeploymentPostprocessing = 0;
		};
/* End PBXSourcesBuildPhase section */

/* Begin PBXVariantGroup section */
		3FCBEA6D1DB03B7C00714AC5 /* Main.storyboard */ = {
			isa = PBXVariantGroup;
			children = (
				3FCBEA6E1DB03B7C00714AC5 /* Base */,
			);
			name = Main.storyboard;
			path = .;
			sourceTree = "<group>";
		};
		3FCBEA721DB03B7C00714AC5 /* LaunchScreen.storyboard */ = {
			isa = PBXVariantGroup;
			children = (
				3FCBEA731DB03B7C00714AC5 /* Base */,
			);
			name = LaunchScreen.storyboard;
			path = .;
			sourceTree = "<group>";
		};
/* End PBXVariantGroup section */

/* Begin XCBuildConfiguration section */
		3FCBEA761DB03B7C00714AC5 /* Debug */ = {
			isa = XCBuildConfiguration;
			buildSettings = {
				ALWAYS_SEARCH_USER_PATHS = NO;
				CLANG_ANALYZER_NONNULL = YES;
				CLANG_CXX_LANGUAGE_STANDARD = "gnu++0x";
				CLANG_CXX_LIBRARY = "libc++";
				CLANG_ENABLE_MODULES = YES;
				CLANG_ENABLE_OBJC_ARC = YES;
				CLANG_WARN_BOOL_CONVERSION = YES;
				CLANG_WARN_CONSTANT_CONVERSION = YES;
				CLANG_WARN_DIRECT_OBJC_ISA_USAGE = YES_ERROR;
				CLANG_WARN_DOCUMENTATION_COMMENTS = YES;
				CLANG_WARN_EMPTY_BODY = YES;
				CLANG_WARN_ENUM_CONVERSION = YES;
				CLANG_WARN_INFINITE_RECURSION = YES;
				CLANG_WARN_INT_CONVERSION = YES;
				CLANG_WARN_OBJC_ROOT_CLASS = YES_ERROR;
				CLANG_WARN_SUSPICIOUS_MOVE = YES;
				CLANG_WARN_SUSPICIOUS_MOVES = YES;
				CLANG_WARN_UNREACHABLE_CODE = YES;
				CLANG_WARN__DUPLICATE_METHOD_MATCH = YES;
				"CODE_SIGN_IDENTITY[sdk=iphoneos*]" = "iPhone Developer";
				COPY_PHASE_STRIP = NO;
				DEBUG_INFORMATION_FORMAT = dwarf;
				ENABLE_STRICT_OBJC_MSGSEND = YES;
				ENABLE_TESTABILITY = YES;
				GCC_C_LANGUAGE_STANDARD = gnu99;
				GCC_DYNAMIC_NO_PIC = NO;
				GCC_NO_COMMON_BLOCKS = YES;
				GCC_OPTIMIZATION_LEVEL = 0;
				GCC_PREPROCESSOR_DEFINITIONS = (
					"DEBUG=1",
					"$(inherited)",
				);
				GCC_WARN_64_TO_32_BIT_CONVERSION = YES;
				GCC_WARN_ABOUT_RETURN_TYPE = YES_ERROR;
				GCC_WARN_UNDECLARED_SELECTOR = YES;
				GCC_WARN_UNINITIALIZED_AUTOS = YES_AGGRESSIVE;
				GCC_WARN_UNUSED_FUNCTION = YES;
				GCC_WARN_UNUSED_VARIABLE = YES;
				IPHONEOS_DEPLOYMENT_TARGET = 10.0;
				MTL_ENABLE_DEBUG_INFO = YES;
				ONLY_ACTIVE_ARCH = YES;
				SDKROOT = iphoneos;
				SWIFT_ACTIVE_COMPILATION_CONDITIONS = DEBUG;
				SWIFT_OPTIMIZATION_LEVEL = "-Onone";
				TARGETED_DEVICE_FAMILY = "1,2";
			};
			name = Debug;
		};
		3FCBEA771DB03B7C00714AC5 /* Release */ = {
			isa = XCBuildConfiguration;
			buildSettings = {
				ALWAYS_SEARCH_USER_PATHS = NO;
				CLANG_ANALYZER_NONNULL = YES;
				CLANG_CXX_LANGUAGE_STANDARD = "gnu++0x";
				CLANG_CXX_LIBRARY = "libc++";
				CLANG_ENABLE_MODULES = YES;
				CLANG_ENABLE_OBJC_ARC = YES;
				CLANG_WARN_BOOL_CONVERSION = YES;
				CLANG_WARN_CONSTANT_CONVERSION = YES;
				CLANG_WARN_DIRECT_OBJC_ISA_USAGE = YES_ERROR;
				CLANG_WARN_DOCUMENTATION_COMMENTS = YES;
				CLANG_WARN_EMPTY_BODY = YES;
				CLANG_WARN_ENUM_CONVERSION = YES;
				CLANG_WARN_INFINITE_RECURSION = YES;
				CLANG_WARN_INT_CONVERSION = YES;
				CLANG_WARN_OBJC_ROOT_CLASS = YES_ERROR;
				CLANG_WARN_SUSPICIOUS_MOVE = YES;
				CLANG_WARN_SUSPICIOUS_MOVES = YES;
				CLANG_WARN_UNREACHABLE_CODE = YES;
				CLANG_WARN__DUPLICATE_METHOD_MATCH = YES;
				"CODE_SIGN_IDENTITY[sdk=iphoneos*]" = "iPhone Developer";
				COPY_PHASE_STRIP = NO;
				DEBUG_INFORMATION_FORMAT = "dwarf-with-dsym";
				ENABLE_NS_ASSERTIONS = NO;
				ENABLE_STRICT_OBJC_MSGSEND = YES;
				GCC_C_LANGUAGE_STANDARD = gnu99;
				GCC_NO_COMMON_BLOCKS = YES;
				GCC_WARN_64_TO_32_BIT_CONVERSION = YES;
				GCC_WARN_ABOUT_RETURN_TYPE = YES_ERROR;
				GCC_WARN_UNDECLARED_SELECTOR = YES;
				GCC_WARN_UNINITIALIZED_AUTOS = YES_AGGRESSIVE;
				GCC_WARN_UNUSED_FUNCTION = YES;
				GCC_WARN_UNUSED_VARIABLE = YES;
				IPHONEOS_DEPLOYMENT_TARGET = 10.0;
				MTL_ENABLE_DEBUG_INFO = NO;
				SDKROOT = iphoneos;
				SWIFT_OPTIMIZATION_LEVEL = "-Owholemodule";
				TARGETED_DEVICE_FAMILY = "1,2";
				VALIDATE_PRODUCT = YES;
			};
			name = Release;
		};
		3FCBEA791DB03B7C00714AC5 /* Debug */ = {
			isa = XCBuildConfiguration;
			baseConfigurationReference = 7696F4E222340DFDFE9502A4 /* Pods-RossCooks.debug.xcconfig */;
			buildSettings = {
				ALWAYS_EMBED_SWIFT_STANDARD_LIBRARIES = YES;
				ASSETCATALOG_COMPILER_APPICON_NAME = AppIcon;
				CODE_SIGN_ENTITLEMENTS = RossCooks/RossCooks.entitlements;
				DEVELOPMENT_TEAM = SGZ32NWR4Z;
				INFOPLIST_FILE = RossCooks/HelperFiles/Info.plist;
				LD_RUNPATH_SEARCH_PATHS = "$(inherited) @executable_path/Frameworks";
				PRODUCT_BUNDLE_IDENTIFIER = tech.luhagel.RossCooks;
				PRODUCT_NAME = "$(TARGET_NAME)";
				SWIFT_VERSION = 3.0;
			};
			name = Debug;
		};
		3FCBEA7A1DB03B7C00714AC5 /* Release */ = {
			isa = XCBuildConfiguration;
			baseConfigurationReference = 7FE7CF93479B6C620FB7C907 /* Pods-RossCooks.release.xcconfig */;
			buildSettings = {
				ALWAYS_EMBED_SWIFT_STANDARD_LIBRARIES = YES;
				ASSETCATALOG_COMPILER_APPICON_NAME = AppIcon;
				CODE_SIGN_ENTITLEMENTS = RossCooks/RossCooks.entitlements;
				DEVELOPMENT_TEAM = SGZ32NWR4Z;
				INFOPLIST_FILE = RossCooks/HelperFiles/Info.plist;
				LD_RUNPATH_SEARCH_PATHS = "$(inherited) @executable_path/Frameworks";
				PRODUCT_BUNDLE_IDENTIFIER = tech.luhagel.RossCooks;
				PRODUCT_NAME = "$(TARGET_NAME)";
				SWIFT_VERSION = 3.0;
			};
			name = Release;
		};
/* End XCBuildConfiguration section */

/* Begin XCConfigurationList section */
		3FCBEA611DB03B7C00714AC5 /* Build configuration list for PBXProject "RossCooks" */ = {
			isa = XCConfigurationList;
			buildConfigurations = (
				3FCBEA761DB03B7C00714AC5 /* Debug */,
				3FCBEA771DB03B7C00714AC5 /* Release */,
			);
			defaultConfigurationIsVisible = 0;
			defaultConfigurationName = Release;
		};
		3FCBEA781DB03B7C00714AC5 /* Build configuration list for PBXNativeTarget "RossCooks" */ = {
			isa = XCConfigurationList;
			buildConfigurations = (
				3FCBEA791DB03B7C00714AC5 /* Debug */,
				3FCBEA7A1DB03B7C00714AC5 /* Release */,
			);
			defaultConfigurationIsVisible = 0;
			defaultConfigurationName = Release;
		};
/* End XCConfigurationList section */
	};
	rootObject = 3FCBEA5E1DB03B7C00714AC5 /* Project object */;
}
